// !$*UTF8*$!
{
	archiveVersion = 1;
	classes = {
	};
	objectVersion = 55;
	objects = {

/* Begin PBXBuildFile section */
		442C8E7A280DCC9200356F35 /* AppDelegate.swift in Sources */ = {isa = PBXBuildFile; fileRef = 442C8E79280DCC9200356F35 /* AppDelegate.swift */; };
		442C8E7E280DCC9200356F35 /* LoginViewController.swift in Sources */ = {isa = PBXBuildFile; fileRef = 442C8E7D280DCC9200356F35 /* LoginViewController.swift */; };
		442C8E83280DCC9300356F35 /* Assets.xcassets in Resources */ = {isa = PBXBuildFile; fileRef = 442C8E82280DCC9300356F35 /* Assets.xcassets */; };
		442C8E86280DCC9300356F35 /* LaunchScreen.storyboard in Resources */ = {isa = PBXBuildFile; fileRef = 442C8E84280DCC9300356F35 /* LaunchScreen.storyboard */; };
		442C8E91280DCFFB00356F35 /* LoginView.swift in Sources */ = {isa = PBXBuildFile; fileRef = 442C8E90280DCFFB00356F35 /* LoginView.swift */; };
		442C8E94280DFC7200356F35 /* OnboardingContainerViewController.swift in Sources */ = {isa = PBXBuildFile; fileRef = 442C8E93280DFC7200356F35 /* OnboardingContainerViewController.swift */; };
		442C8E96280E121B00356F35 /* OnboardingViewController.swift in Sources */ = {isa = PBXBuildFile; fileRef = 442C8E95280E121B00356F35 /* OnboardingViewController.swift */; };
		442C8E98280E246C00356F35 /* DummyViewController.swift in Sources */ = {isa = PBXBuildFile; fileRef = 442C8E97280E246C00356F35 /* DummyViewController.swift */; };
		442C8E9B280E2C0100356F35 /* LocalState.swift in Sources */ = {isa = PBXBuildFile; fileRef = 442C8E9A280E2C0100356F35 /* LocalState.swift */; };
		44EB6E27282AC92F00DFB047 /* UIVIewController+Utils.swift in Sources */ = {isa = PBXBuildFile; fileRef = 44EB6E26282AC92F00DFB047 /* UIVIewController+Utils.swift */; };
		44EB6E29282ACB9100DFB047 /* MainViewController.swift in Sources */ = {isa = PBXBuildFile; fileRef = 44EB6E28282ACB9100DFB047 /* MainViewController.swift */; };
		44EB6E2C282AD73700DFB047 /* AccountSummaryViewController.swift in Sources */ = {isa = PBXBuildFile; fileRef = 44EB6E2B282AD73700DFB047 /* AccountSummaryViewController.swift */; };
/* End PBXBuildFile section */

/* Begin PBXFileReference section */
		442C8E76280DCC9200356F35 /* Bankey.app */ = {isa = PBXFileReference; explicitFileType = wrapper.application; includeInIndex = 0; path = Bankey.app; sourceTree = BUILT_PRODUCTS_DIR; };
		442C8E79280DCC9200356F35 /* AppDelegate.swift */ = {isa = PBXFileReference; lastKnownFileType = sourcecode.swift; path = AppDelegate.swift; sourceTree = "<group>"; };
		442C8E7D280DCC9200356F35 /* LoginViewController.swift */ = {isa = PBXFileReference; lastKnownFileType = sourcecode.swift; path = LoginViewController.swift; sourceTree = "<group>"; };
		442C8E82280DCC9300356F35 /* Assets.xcassets */ = {isa = PBXFileReference; lastKnownFileType = folder.assetcatalog; path = Assets.xcassets; sourceTree = "<group>"; };
		442C8E85280DCC9300356F35 /* Base */ = {isa = PBXFileReference; lastKnownFileType = file.storyboard; name = Base; path = Base.lproj/LaunchScreen.storyboard; sourceTree = "<group>"; };
		442C8E87280DCC9300356F35 /* Info.plist */ = {isa = PBXFileReference; lastKnownFileType = text.plist.xml; path = Info.plist; sourceTree = "<group>"; };
		442C8E90280DCFFB00356F35 /* LoginView.swift */ = {isa = PBXFileReference; lastKnownFileType = sourcecode.swift; path = LoginView.swift; sourceTree = "<group>"; };
		442C8E93280DFC7200356F35 /* OnboardingContainerViewController.swift */ = {isa = PBXFileReference; lastKnownFileType = sourcecode.swift; path = OnboardingContainerViewController.swift; sourceTree = "<group>"; };
		442C8E95280E121B00356F35 /* OnboardingViewController.swift */ = {isa = PBXFileReference; lastKnownFileType = sourcecode.swift; path = OnboardingViewController.swift; sourceTree = "<group>"; };
		442C8E97280E246C00356F35 /* DummyViewController.swift */ = {isa = PBXFileReference; lastKnownFileType = sourcecode.swift; path = DummyViewController.swift; sourceTree = "<group>"; };
		442C8E9A280E2C0100356F35 /* LocalState.swift */ = {isa = PBXFileReference; lastKnownFileType = sourcecode.swift; path = LocalState.swift; sourceTree = "<group>"; };
		44EB6E26282AC92F00DFB047 /* UIVIewController+Utils.swift */ = {isa = PBXFileReference; lastKnownFileType = sourcecode.swift; path = "UIVIewController+Utils.swift"; sourceTree = "<group>"; };
		44EB6E28282ACB9100DFB047 /* MainViewController.swift */ = {isa = PBXFileReference; lastKnownFileType = sourcecode.swift; path = MainViewController.swift; sourceTree = "<group>"; };
		44EB6E2B282AD73700DFB047 /* AccountSummaryViewController.swift */ = {isa = PBXFileReference; lastKnownFileType = sourcecode.swift; path = AccountSummaryViewController.swift; sourceTree = "<group>"; };
/* End PBXFileReference section */

/* Begin PBXFrameworksBuildPhase section */
		442C8E73280DCC9200356F35 /* Frameworks */ = {
			isa = PBXFrameworksBuildPhase;
			buildActionMask = 2147483647;
			files = (
			);
			runOnlyForDeploymentPostprocessing = 0;
		};
/* End PBXFrameworksBuildPhase section */

/* Begin PBXGroup section */
		442C8E6D280DCC9200356F35 = {
			isa = PBXGroup;
			children = (
				442C8E78280DCC9200356F35 /* Bankey */,
				442C8E77280DCC9200356F35 /* Products */,
			);
			sourceTree = "<group>";
		};
		442C8E77280DCC9200356F35 /* Products */ = {
			isa = PBXGroup;
			children = (
				442C8E76280DCC9200356F35 /* Bankey.app */,
			);
			name = Products;
			sourceTree = "<group>";
		};
		442C8E78280DCC9200356F35 /* Bankey */ = {
			isa = PBXGroup;
			children = (
				442C8E79280DCC9200356F35 /* AppDelegate.swift */,
				44EB6E28282ACB9100DFB047 /* MainViewController.swift */,
				442C8E8F280DCFD100356F35 /* Login */,
				442C8E92280DFC3000356F35 /* Onboarding */,
				44EB6E2A282AD6F300DFB047 /* AccountSummary */,
				442C8E99280E2BEF00356F35 /* Utils */,
				442C8E8E280DCFA300356F35 /* Files */,
			);
			path = Bankey;
			sourceTree = "<group>";
		};
		442C8E8E280DCFA300356F35 /* Files */ = {
			isa = PBXGroup;
			children = (
				442C8E82280DCC9300356F35 /* Assets.xcassets */,
				442C8E84280DCC9300356F35 /* LaunchScreen.storyboard */,
				442C8E87280DCC9300356F35 /* Info.plist */,
			);
			name = Files;
			sourceTree = "<group>";
		};
		442C8E8F280DCFD100356F35 /* Login */ = {
			isa = PBXGroup;
			children = (
				442C8E7D280DCC9200356F35 /* LoginViewController.swift */,
				442C8E90280DCFFB00356F35 /* LoginView.swift */,
				442C8E97280E246C00356F35 /* DummyViewController.swift */,
			);
			path = Login;
			sourceTree = "<group>";
		};
		442C8E92280DFC3000356F35 /* Onboarding */ = {
			isa = PBXGroup;
			children = (
				442C8E93280DFC7200356F35 /* OnboardingContainerViewController.swift */,
				442C8E95280E121B00356F35 /* OnboardingViewController.swift */,
			);
			path = Onboarding;
			sourceTree = "<group>";
		};
		442C8E99280E2BEF00356F35 /* Utils */ = {
			isa = PBXGroup;
			children = (
				442C8E9A280E2C0100356F35 /* LocalState.swift */,
				44EB6E26282AC92F00DFB047 /* UIVIewController+Utils.swift */,
			);
			path = Utils;
			sourceTree = "<group>";
		};
		44EB6E2A282AD6F300DFB047 /* AccountSummary */ = {
			isa = PBXGroup;
			children = (
				44EB6E2B282AD73700DFB047 /* AccountSummaryViewController.swift */,
			);
			path = AccountSummary;
			sourceTree = "<group>";
		};
/* End PBXGroup section */

/* Begin PBXNativeTarget section */
		442C8E75280DCC9200356F35 /* Bankey */ = {
			isa = PBXNativeTarget;
			buildConfigurationList = 442C8E8A280DCC9300356F35 /* Build configuration list for PBXNativeTarget "Bankey" */;
			buildPhases = (
				442C8E72280DCC9200356F35 /* Sources */,
				442C8E73280DCC9200356F35 /* Frameworks */,
				442C8E74280DCC9200356F35 /* Resources */,
			);
			buildRules = (
			);
			dependencies = (
			);
			name = Bankey;
			productName = Bakey;
			productReference = 442C8E76280DCC9200356F35 /* Bankey.app */;
			productType = "com.apple.product-type.application";
		};
/* End PBXNativeTarget section */

/* Begin PBXProject section */
		442C8E6E280DCC9200356F35 /* Project object */ = {
			isa = PBXProject;
			attributes = {
				BuildIndependentTargetsInParallel = 1;
				LastSwiftUpdateCheck = 1320;
				LastUpgradeCheck = 1320;
				TargetAttributes = {
					442C8E75280DCC9200356F35 = {
						CreatedOnToolsVersion = 13.2.1;
					};
				};
			};
			buildConfigurationList = 442C8E71280DCC9200356F35 /* Build configuration list for PBXProject "Bankey" */;
			compatibilityVersion = "Xcode 13.0";
			developmentRegion = en;
			hasScannedForEncodings = 0;
			knownRegions = (
				en,
				Base,
			);
			mainGroup = 442C8E6D280DCC9200356F35;
			productRefGroup = 442C8E77280DCC9200356F35 /* Products */;
			projectDirPath = "";
			projectRoot = "";
			targets = (
				442C8E75280DCC9200356F35 /* Bankey */,
			);
		};
/* End PBXProject section */

/* Begin PBXResourcesBuildPhase section */
		442C8E74280DCC9200356F35 /* Resources */ = {
			isa = PBXResourcesBuildPhase;
			buildActionMask = 2147483647;
			files = (
				442C8E86280DCC9300356F35 /* LaunchScreen.storyboard in Resources */,
				442C8E83280DCC9300356F35 /* Assets.xcassets in Resources */,
			);
			runOnlyForDeploymentPostprocessing = 0;
		};
/* End PBXResourcesBuildPhase section */

/* Begin PBXSourcesBuildPhase section */
		442C8E72280DCC9200356F35 /* Sources */ = {
			isa = PBXSourcesBuildPhase;
			buildActionMask = 2147483647;
			files = (
				44EB6E27282AC92F00DFB047 /* UIVIewController+Utils.swift in Sources */,
				442C8E91280DCFFB00356F35 /* LoginView.swift in Sources */,
				442C8E9B280E2C0100356F35 /* LocalState.swift in Sources */,
				442C8E98280E246C00356F35 /* DummyViewController.swift in Sources */,
				442C8E7E280DCC9200356F35 /* LoginViewController.swift in Sources */,
				442C8E96280E121B00356F35 /* OnboardingViewController.swift in Sources */,
				44EB6E29282ACB9100DFB047 /* MainViewController.swift in Sources */,
				44EB6E2C282AD73700DFB047 /* AccountSummaryViewController.swift in Sources */,
				442C8E7A280DCC9200356F35 /* AppDelegate.swift in Sources */,
				442C8E94280DFC7200356F35 /* OnboardingContainerViewController.swift in Sources */,
			);
			runOnlyForDeploymentPostprocessing = 0;
		};
/* End PBXSourcesBuildPhase section */

/* Begin PBXVariantGroup section */
		442C8E84280DCC9300356F35 /* LaunchScreen.storyboard */ = {
			isa = PBXVariantGroup;
			children = (
				442C8E85280DCC9300356F35 /* Base */,
			);
			name = LaunchScreen.storyboard;
			sourceTree = "<group>";
		};
/* End PBXVariantGroup section */

/* Begin XCBuildConfiguration section */
		442C8E88280DCC9300356F35 /* Debug */ = {
			isa = XCBuildConfiguration;
			buildSettings = {
				ALWAYS_SEARCH_USER_PATHS = NO;
				CLANG_ANALYZER_NONNULL = YES;
				CLANG_ANALYZER_NUMBER_OBJECT_CONVERSION = YES_AGGRESSIVE;
				CLANG_CXX_LANGUAGE_STANDARD = "gnu++17";
				CLANG_CXX_LIBRARY = "libc++";
				CLANG_ENABLE_MODULES = YES;
				CLANG_ENABLE_OBJC_ARC = YES;
				CLANG_ENABLE_OBJC_WEAK = YES;
				CLANG_WARN_BLOCK_CAPTURE_AUTORELEASING = YES;
				CLANG_WARN_BOOL_CONVERSION = YES;
				CLANG_WARN_COMMA = YES;
				CLANG_WARN_CONSTANT_CONVERSION = YES;
				CLANG_WARN_DEPRECATED_OBJC_IMPLEMENTATIONS = YES;
				CLANG_WARN_DIRECT_OBJC_ISA_USAGE = YES_ERROR;
				CLANG_WARN_DOCUMENTATION_COMMENTS = YES;
				CLANG_WARN_EMPTY_BODY = YES;
				CLANG_WARN_ENUM_CONVERSION = YES;
				CLANG_WARN_INFINITE_RECURSION = YES;
				CLANG_WARN_INT_CONVERSION = YES;
				CLANG_WARN_NON_LITERAL_NULL_CONVERSION = YES;
				CLANG_WARN_OBJC_IMPLICIT_RETAIN_SELF = YES;
				CLANG_WARN_OBJC_LITERAL_CONVERSION = YES;
				CLANG_WARN_OBJC_ROOT_CLASS = YES_ERROR;
				CLANG_WARN_QUOTED_INCLUDE_IN_FRAMEWORK_HEADER = YES;
				CLANG_WARN_RANGE_LOOP_ANALYSIS = YES;
				CLANG_WARN_STRICT_PROTOTYPES = YES;
				CLANG_WARN_SUSPICIOUS_MOVE = YES;
				CLANG_WARN_UNGUARDED_AVAILABILITY = YES_AGGRESSIVE;
				CLANG_WARN_UNREACHABLE_CODE = YES;
				CLANG_WARN__DUPLICATE_METHOD_MATCH = YES;
				COPY_PHASE_STRIP = NO;
				DEBUG_INFORMATION_FORMAT = dwarf;
				ENABLE_STRICT_OBJC_MSGSEND = YES;
				ENABLE_TESTABILITY = YES;
				GCC_C_LANGUAGE_STANDARD = gnu11;
				GCC_DYNAMIC_NO_PIC = NO;
				GCC_NO_COMMON_BLOCKS = YES;
				GCC_OPTIMIZATION_LEVEL = 0;
				GCC_PREPROCESSOR_DEFINITIONS = (
					"DEBUG=1",
					"$(inherited)",
				);
				GCC_WARN_64_TO_32_BIT_CONVERSION = YES;
				GCC_WARN_ABOUT_RETURN_TYPE = YES_ERROR;
				GCC_WARN_UNDECLARED_SELECTOR = YES;
				GCC_WARN_UNINITIALIZED_AUTOS = YES_AGGRESSIVE;
				GCC_WARN_UNUSED_FUNCTION = YES;
				GCC_WARN_UNUSED_VARIABLE = YES;
				IPHONEOS_DEPLOYMENT_TARGET = 15.2;
				MTL_ENABLE_DEBUG_INFO = INCLUDE_SOURCE;
				MTL_FAST_MATH = YES;
				ONLY_ACTIVE_ARCH = YES;
				SDKROOT = iphoneos;
				SWIFT_ACTIVE_COMPILATION_CONDITIONS = DEBUG;
				SWIFT_OPTIMIZATION_LEVEL = "-Onone";
			};
			name = Debug;
		};
		442C8E89280DCC9300356F35 /* Release */ = {
			isa = XCBuildConfiguration;
			buildSettings = {
				ALWAYS_SEARCH_USER_PATHS = NO;
				CLANG_ANALYZER_NONNULL = YES;
				CLANG_ANALYZER_NUMBER_OBJECT_CONVERSION = YES_AGGRESSIVE;
				CLANG_CXX_LANGUAGE_STANDARD = "gnu++17";
				CLANG_CXX_LIBRARY = "libc++";
				CLANG_ENABLE_MODULES = YES;
				CLANG_ENABLE_OBJC_ARC = YES;
				CLANG_ENABLE_OBJC_WEAK = YES;
				CLANG_WARN_BLOCK_CAPTURE_AUTORELEASING = YES;
				CLANG_WARN_BOOL_CONVERSION = YES;
				CLANG_WARN_COMMA = YES;
				CLANG_WARN_CONSTANT_CONVERSION = YES;
				CLANG_WARN_DEPRECATED_OBJC_IMPLEMENTATIONS = YES;
				CLANG_WARN_DIRECT_OBJC_ISA_USAGE = YES_ERROR;
				CLANG_WARN_DOCUMENTATION_COMMENTS = YES;
				CLANG_WARN_EMPTY_BODY = YES;
				CLANG_WARN_ENUM_CONVERSION = YES;
				CLANG_WARN_INFINITE_RECURSION = YES;
				CLANG_WARN_INT_CONVERSION = YES;
				CLANG_WARN_NON_LITERAL_NULL_CONVERSION = YES;
				CLANG_WARN_OBJC_IMPLICIT_RETAIN_SELF = YES;
				CLANG_WARN_OBJC_LITERAL_CONVERSION = YES;
				CLANG_WARN_OBJC_ROOT_CLASS = YES_ERROR;
				CLANG_WARN_QUOTED_INCLUDE_IN_FRAMEWORK_HEADER = YES;
				CLANG_WARN_RANGE_LOOP_ANALYSIS = YES;
				CLANG_WARN_STRICT_PROTOTYPES = YES;
				CLANG_WARN_SUSPICIOUS_MOVE = YES;
				CLANG_WARN_UNGUARDED_AVAILABILITY = YES_AGGRESSIVE;
				CLANG_WARN_UNREACHABLE_CODE = YES;
				CLANG_WARN__DUPLICATE_METHOD_MATCH = YES;
				COPY_PHASE_STRIP = NO;
				DEBUG_INFORMATION_FORMAT = "dwarf-with-dsym";
				ENABLE_NS_ASSERTIONS = NO;
				ENABLE_STRICT_OBJC_MSGSEND = YES;
				GCC_C_LANGUAGE_STANDARD = gnu11;
				GCC_NO_COMMON_BLOCKS = YES;
				GCC_WARN_64_TO_32_BIT_CONVERSION = YES;
				GCC_WARN_ABOUT_RETURN_TYPE = YES_ERROR;
				GCC_WARN_UNDECLARED_SELECTOR = YES;
				GCC_WARN_UNINITIALIZED_AUTOS = YES_AGGRESSIVE;
				GCC_WARN_UNUSED_FUNCTION = YES;
				GCC_WARN_UNUSED_VARIABLE = YES;
				IPHONEOS_DEPLOYMENT_TARGET = 15.2;
				MTL_ENABLE_DEBUG_INFO = NO;
				MTL_FAST_MATH = YES;
				SDKROOT = iphoneos;
				SWIFT_COMPILATION_MODE = wholemodule;
				SWIFT_OPTIMIZATION_LEVEL = "-O";
				VALIDATE_PRODUCT = YES;
			};
			name = Release;
		};
		442C8E8B280DCC9300356F35 /* Debug */ = {
			isa = XCBuildConfiguration;
			buildSettings = {
				ASSETCATALOG_COMPILER_APPICON_NAME = AppIcon;
				ASSETCATALOG_COMPILER_GLOBAL_ACCENT_COLOR_NAME = AccentColor;
				CODE_SIGN_STYLE = Automatic;
				CURRENT_PROJECT_VERSION = 1;
				DEVELOPMENT_TEAM = 87PHZ4NNGZ;
				GENERATE_INFOPLIST_FILE = YES;
				INFOPLIST_FILE = Bankey/Info.plist;
				INFOPLIST_KEY_UIApplicationSupportsIndirectInputEvents = YES;
				INFOPLIST_KEY_UILaunchStoryboardName = LaunchScreen;
				INFOPLIST_KEY_UISupportedInterfaceOrientations_iPad = "UIInterfaceOrientationPortrait UIInterfaceOrientationPortraitUpsideDown UIInterfaceOrientationLandscapeLeft UIInterfaceOrientationLandscapeRight";
				INFOPLIST_KEY_UISupportedInterfaceOrientations_iPhone = "UIInterfaceOrientationPortrait UIInterfaceOrientationLandscapeLeft UIInterfaceOrientationLandscapeRight";
				IPHONEOS_DEPLOYMENT_TARGET = 15.2;
				LD_RUNPATH_SEARCH_PATHS = (
					"$(inherited)",
					"@executable_path/Frameworks",
				);
				MARKETING_VERSION = 1.0;
				PRODUCT_BUNDLE_IDENTIFIER = com.ricsaniosdev.Bankey;
				PRODUCT_NAME = "$(TARGET_NAME)";
				SWIFT_EMIT_LOC_STRINGS = YES;
				SWIFT_VERSION = 5.0;
				TARGETED_DEVICE_FAMILY = "1,2";
			};
			name = Debug;
		};
		442C8E8C280DCC9300356F35 /* Release */ = {
			isa = XCBuildConfiguration;
			buildSettings = {
				ASSETCATALOG_COMPILER_APPICON_NAME = AppIcon;
				ASSETCATALOG_COMPILER_GLOBAL_ACCENT_COLOR_NAME = AccentColor;
				CODE_SIGN_STYLE = Automatic;
				CURRENT_PROJECT_VERSION = 1;
				DEVELOPMENT_TEAM = 87PHZ4NNGZ;
				GENERATE_INFOPLIST_FILE = YES;
				INFOPLIST_FILE = Bankey/Info.plist;
				INFOPLIST_KEY_UIApplicationSupportsIndirectInputEvents = YES;
				INFOPLIST_KEY_UILaunchStoryboardName = LaunchScreen;
				INFOPLIST_KEY_UISupportedInterfaceOrientations_iPad = "UIInterfaceOrientationPortrait UIInterfaceOrientationPortraitUpsideDown UIInterfaceOrientationLandscapeLeft UIInterfaceOrientationLandscapeRight";
				INFOPLIST_KEY_UISupportedInterfaceOrientations_iPhone = "UIInterfaceOrientationPortrait UIInterfaceOrientationLandscapeLeft UIInterfaceOrientationLandscapeRight";
				IPHONEOS_DEPLOYMENT_TARGET = 15.2;
				LD_RUNPATH_SEARCH_PATHS = (
					"$(inherited)",
					"@executable_path/Frameworks",
				);
				MARKETING_VERSION = 1.0;
				PRODUCT_BUNDLE_IDENTIFIER = com.ricsaniosdev.Bankey;
				PRODUCT_NAME = "$(TARGET_NAME)";
				SWIFT_EMIT_LOC_STRINGS = YES;
				SWIFT_VERSION = 5.0;
				TARGETED_DEVICE_FAMILY = "1,2";
			};
			name = Release;
		};
/* End XCBuildConfiguration section */

/* Begin XCConfigurationList section */
		442C8E71280DCC9200356F35 /* Build configuration list for PBXProject "Bankey" */ = {
			isa = XCConfigurationList;
			buildConfigurations = (
				442C8E88280DCC9300356F35 /* Debug */,
				442C8E89280DCC9300356F35 /* Release */,
			);
			defaultConfigurationIsVisible = 0;
			defaultConfigurationName = Release;
		};
		442C8E8A280DCC9300356F35 /* Build configuration list for PBXNativeTarget "Bankey" */ = {
			isa = XCConfigurationList;
			buildConfigurations = (
				442C8E8B280DCC9300356F35 /* Debug */,
				442C8E8C280DCC9300356F35 /* Release */,
			);
			defaultConfigurationIsVisible = 0;
			defaultConfigurationName = Release;
		};
/* End XCConfigurationList section */
	};
	rootObject = 442C8E6E280DCC9200356F35 /* Project object */;
}
